
Microsoft Visual Studio Solution File, Format Version 12.00
# Visual Studio Version 16
VisualStudioVersion = 16.0.31025.194
MinimumVisualStudioVersion = 10.0.40219.1
Project("{9A19103F-16F7-4668-BE54-9A1E7A4F7556}") = "SignalRSampleService", "SignalRSampleService\SignalRSampleService.csproj", "{3F98B504-7BAE-4121-B67F-6BAF77E2229B}"
EndProject
Project("{9A19103F-16F7-4668-BE54-9A1E7A4F7556}") = "SignalRSampleService.Sync", "SignalRSampleService.Sync\SignalRSampleService.Sync.csproj", "{C6D83D74-A265-4230-9EEE-F42D3131D556}"
EndProject
Global
	GlobalSection(SolutionConfigurationPlatforms) = preSolution
		Debug|Any CPU = Debug|Any CPU
		Release|Any CPU = Release|Any CPU
	EndGlobalSection
	GlobalSection(ProjectConfigurationPlatforms) = postSolution
		{3F98B504-7BAE-4121-B67F-6BAF77E2229B}.Debug|Any CPU.ActiveCfg = Debug|Any CPU
		{3F98B504-7BAE-4121-B67F-6BAF77E2229B}.Debug|Any CPU.Build.0 = Debug|Any CPU
		{3F98B504-7BAE-4121-B67F-6BAF77E2229B}.Release|Any CPU.ActiveCfg = Release|Any CPU
		{3F98B504-7BAE-4121-B67F-6BAF77E2229B}.Release|Any CPU.Build.0 = Release|Any CPU
		{C6D83D74-A265-4230-9EEE-F42D3131D556}.Debug|Any CPU.ActiveCfg = Debug|Any CPU
		{C6D83D74-A265-4230-9EEE-F42D3131D556}.Debug|Any CPU.Build.0 = Debug|Any CPU
		{C6D83D74-A265-4230-9EEE-F42D3131D556}.Release|Any CPU.ActiveCfg = Release|Any CPU
		{C6D83D74-A265-4230-9EEE-F42D3131D556}.Release|Any CPU.Build.0 = Release|Any CPU
	EndGlobalSection
	GlobalSection(SolutionProperties) = preSolution
		HideSolutionNode = FALSE
	EndGlobalSection
	GlobalSection(ExtensibilityGlobals) = postSolution
		SolutionGuid = {495001CD-4E8E-4FE5-AD4C-154EFB3792AE}
	EndGlobalSection
EndGlobal
